%{
  "dialyxir": {:hex, :dialyxir, "1.4.7", "dda948fcee52962e4b6c5b4b16b2d8fa7d50d8645bbae8b8685c3f9ecb7f5f4d", [:mix], [{:erlex, ">= 0.2.8", [hex: :erlex, repo: "hexpm", optional: false]}], "hexpm", "b34527202e6eb8cee198efec110996c25c5898f43a4094df157f8d28f27d9efe"},
  "erlex": {:hex, :erlex, "0.2.8", "cd8116f20f3c0afe376d1e8d1f0ae2452337729f68be016ea544a72f767d9c12", [:mix], [], "hexpm", "9d66ff9fedf69e49dc3fd12831e12a8a37b76f8651dd21cd45fcf5561a8a7590"},
  "gleam_stdlib": {:hex, :gleam_stdlib, "1.0.2", "4554718452e558f5cb45ef937295a5135d83f736958e4d2ea33c043e7ad62cc1", [:gleam], [], "hexpm", "0c5506589df4c63df5d6ffbb834562d6865c6c2aee0019d7b37886bd6d128141"},
  "spark": {:hex, :spark, "2.7.0", "e685b33c038f12851993880bb7e3b326117612eb746fe15828678c152f8321c6", [:mix], [{:igniter, ">= 0.3.64 and < 1.0.0-0", [hex: :igniter, repo: "hexpm", optional: true]}, {:jason, "~> 1.4", [hex: :jason, repo: "hexpm", optional: true]}, {:sourceror, "~> 1.2", [hex: :sourceror, repo: "hexpm", optional: true]}], "hexpm", "e2f675fbda32375b01d9ee7c652671531027fd043bf4a91bafdb2ab716aa1122"},
}
